
Microsoft Visual Studio Solution File, Format Version 12.00
# Visual Studio Version 17
VisualStudioVersion = 17.8.34511.84
MinimumVisualStudioVersion = 10.0.40219.1
Project("{FAE04EC0-301F-11D3-BF4B-00C04F79EFBC}") = "10123308_NguyenDuyThuan_KTTH_WF", "10123308_NguyenDuyThuan_KTTH_WF\10123308_NguyenDuyThuan_KTTH_WF.csproj", "{24D57130-CF65-4E77-AAA0-A66DF5D3090C}"
EndProject
Global
	GlobalSection(SolutionConfigurationPlatforms) = preSolution
		Debug|Any CPU = Debug|Any CPU
		Release|Any CPU = Release|Any CPU
	EndGlobalSection
	GlobalSection(ProjectConfigurationPlatforms) = postSolution
		{24D57130-CF65-4E77-AAA0-A66DF5D3090C}.Debug|Any CPU.ActiveCfg = Debug|Any CPU
		{24D57130-CF65-4E77-AAA0-A66DF5D3090C}.Debug|Any CPU.Build.0 = Debug|Any CPU
		{24D57130-CF65-4E77-AAA0-A66DF5D3090C}.Release|Any CPU.ActiveCfg = Release|Any CPU
		{24D57130-CF65-4E77-AAA0-A66DF5D3090C}.Release|Any CPU.Build.0 = Release|Any CPU
	EndGlobalSection
	GlobalSection(SolutionProperties) = preSolution
		HideSolutionNode = FALSE
	EndGlobalSection
	GlobalSection(ExtensibilityGlobals) = postSolution
		SolutionGuid = {6EB4D662-DF8C-4871-A986-5039345A1F99}
	EndGlobalSection
EndGlobal
